
Microsoft Visual Studio Solution File, Format Version 12.00
# Visual Studio Version 17
VisualStudioVersion = 17.2.32616.157
MinimumVisualStudioVersion = 10.0.40219.1
Project("{FAE04EC0-301F-11D3-BF4B-00C04F79EFBC}") = "Demo List", "Demo List\Demo List.csproj", "{2E2F911C-5870-4A95-96BF-43D8F53A89E9}"
EndProject
Global
	GlobalSection(SolutionConfigurationPlatforms) = preSolution
		Debug|Any CPU = Debug|Any CPU
		Release|Any CPU = Release|Any CPU
	EndGlobalSection
	GlobalSection(ProjectConfigurationPlatforms) = postSolution
		{2E2F911C-5870-4A95-96BF-43D8F53A89E9}.Debug|Any CPU.ActiveCfg = Debug|Any CPU
		{2E2F911C-5870-4A95-96BF-43D8F53A89E9}.Debug|Any CPU.Build.0 = Debug|Any CPU
		{2E2F911C-5870-4A95-96BF-43D8F53A89E9}.Release|Any CPU.ActiveCfg = Release|Any CPU
		{2E2F911C-5870-4A95-96BF-43D8F53A89E9}.Release|Any CPU.Build.0 = Release|Any CPU
	EndGlobalSection
	GlobalSection(SolutionProperties) = preSolution
		HideSolutionNode = FALSE
	EndGlobalSection
	GlobalSection(ExtensibilityGlobals) = postSolution
		SolutionGuid = {659D3E41-C6D7-4673-ACA1-36078E622D03}
	EndGlobalSection
EndGlobal
